
Microsoft Visual Studio Solution File, Format Version 12.00
# Visual Studio Version 16
VisualStudioVersion = 16.0.28803.916
MinimumVisualStudioVersion = 10.0.40219.1
Project("{FAE04EC0-301F-11D3-BF4B-00C04F79EFBC}") = "App1.Android", "App1\App1.Android\App1.Android.csproj", "{5D7F85EB-8A6A-4C08-A332-00E4D170F5E3}"
EndProject
Project("{FAE04EC0-301F-11D3-BF4B-00C04F79EFBC}") = "App1", "App1\App1\App1.csproj", "{2B8E5980-AC80-4675-8BA0-D3AA7728BB30}"
EndProject
Global
	GlobalSection(SolutionConfigurationPlatforms) = preSolution
		Debug|Any CPU = Debug|Any CPU
		Release|Any CPU = Release|Any CPU
	EndGlobalSection
	GlobalSection(ProjectConfigurationPlatforms) = postSolution
		{5D7F85EB-8A6A-4C08-A332-00E4D170F5E3}.Debug|Any CPU.ActiveCfg = Debug|Any CPU
		{5D7F85EB-8A6A-4C08-A332-00E4D170F5E3}.Debug|Any CPU.Build.0 = Debug|Any CPU
		{5D7F85EB-8A6A-4C08-A332-00E4D170F5E3}.Debug|Any CPU.Deploy.0 = Debug|Any CPU
		{5D7F85EB-8A6A-4C08-A332-00E4D170F5E3}.Release|Any CPU.ActiveCfg = Release|Any CPU
		{5D7F85EB-8A6A-4C08-A332-00E4D170F5E3}.Release|Any CPU.Build.0 = Release|Any CPU
		{5D7F85EB-8A6A-4C08-A332-00E4D170F5E3}.Release|Any CPU.Deploy.0 = Release|Any CPU
		{2B8E5980-AC80-4675-8BA0-D3AA7728BB30}.Debug|Any CPU.ActiveCfg = Debug|Any CPU
		{2B8E5980-AC80-4675-8BA0-D3AA7728BB30}.Debug|Any CPU.Build.0 = Debug|Any CPU
		{2B8E5980-AC80-4675-8BA0-D3AA7728BB30}.Debug|Any CPU.Deploy.0 = Debug|Any CPU
		{2B8E5980-AC80-4675-8BA0-D3AA7728BB30}.Release|Any CPU.ActiveCfg = Release|Any CPU
		{2B8E5980-AC80-4675-8BA0-D3AA7728BB30}.Release|Any CPU.Build.0 = Release|Any CPU
		{2B8E5980-AC80-4675-8BA0-D3AA7728BB30}.Release|Any CPU.Deploy.0 = Release|Any CPU
	EndGlobalSection
	GlobalSection(SolutionProperties) = preSolution
		HideSolutionNode = FALSE
	EndGlobalSection
	GlobalSection(ExtensibilityGlobals) = postSolution
		SolutionGuid = {A0209CC3-3697-4B73-AB5E-D22BF7537927}
	EndGlobalSection
EndGlobal
